
Microsoft Visual Studio Solution File, Format Version 12.00
# Visual Studio 15
VisualStudioVersion = 15.0.27703.2035
MinimumVisualStudioVersion = 10.0.40219.1
Project("{FAE04EC0-301F-11D3-BF4B-00C04F79EFBC}") = "realtimeCoreSignalRService", "realtimeCoreSignalRService\realtimeCoreSignalRService.csproj", "{17E33EE0-2895-4444-9F50-9BBF02F7B7AE}"
EndProject
Global
	GlobalSection(SolutionConfigurationPlatforms) = preSolution
		Debug|Any CPU = Debug|Any CPU
		Release|Any CPU = Release|Any CPU
	EndGlobalSection
	GlobalSection(ProjectConfigurationPlatforms) = postSolution
		{17E33EE0-2895-4444-9F50-9BBF02F7B7AE}.Debug|Any CPU.ActiveCfg = Debug|Any CPU
		{17E33EE0-2895-4444-9F50-9BBF02F7B7AE}.Debug|Any CPU.Build.0 = Debug|Any CPU
		{17E33EE0-2895-4444-9F50-9BBF02F7B7AE}.Release|Any CPU.ActiveCfg = Release|Any CPU
		{17E33EE0-2895-4444-9F50-9BBF02F7B7AE}.Release|Any CPU.Build.0 = Release|Any CPU
	EndGlobalSection
	GlobalSection(SolutionProperties) = preSolution
		HideSolutionNode = FALSE
	EndGlobalSection
	GlobalSection(ExtensibilityGlobals) = postSolution
		SolutionGuid = {083286B7-0C01-4DCE-AF2C-C03A477E49CC}
	EndGlobalSection
EndGlobal
